// !$*UTF8*$!
{
	archiveVersion = 1;
	classes = {
	};
	objectVersion = 46;
	objects = {

/* Begin PBXBuildFile section */
		E1699B371AA9A8E800595DF1 /* categoriasSmall.png in Resources */ = {isa = PBXBuildFile; fileRef = E1699B361AA9A8E800595DF1 /* categoriasSmall.png */; };
		E1699B391AA9A99200595DF1 /* postSmall.png in Resources */ = {isa = PBXBuildFile; fileRef = E1699B381AA9A99200595DF1 /* postSmall.png */; };
		E1825EC41AA96B3200DDEDD3 /* categorias.png in Resources */ = {isa = PBXBuildFile; fileRef = E1825EB81AA96B3200DDEDD3 /* categorias.png */; };
		E1825EC51AA96B3200DDEDD3 /* downvote.png in Resources */ = {isa = PBXBuildFile; fileRef = E1825EB91AA96B3200DDEDD3 /* downvote.png */; };
		E1825EC61AA96B3200DDEDD3 /* leftA.png in Resources */ = {isa = PBXBuildFile; fileRef = E1825EBA1AA96B3200DDEDD3 /* leftA.png */; };
		E1825EC71AA96B3200DDEDD3 /* leftB.png in Resources */ = {isa = PBXBuildFile; fileRef = E1825EBB1AA96B3200DDEDD3 /* leftB.png */; };
		E1825EC81AA96B3200DDEDD3 /* Logo.png in Resources */ = {isa = PBXBuildFile; fileRef = E1825EBC1AA96B3200DDEDD3 /* Logo.png */; };
		E1825EC91AA96B3200DDEDD3 /* lupita.png in Resources */ = {isa = PBXBuildFile; fileRef = E1825EBD1AA96B3200DDEDD3 /* lupita.png */; };
		E1825ECA1AA96B3200DDEDD3 /* post.png in Resources */ = {isa = PBXBuildFile; fileRef = E1825EBE1AA96B3200DDEDD3 /* post.png */; };
		E1825ECB1AA96B3200DDEDD3 /* rightA.png in Resources */ = {isa = PBXBuildFile; fileRef = E1825EBF1AA96B3200DDEDD3 /* rightA.png */; };
		E1825ECC1AA96B3200DDEDD3 /* rightB.png in Resources */ = {isa = PBXBuildFile; fileRef = E1825EC01AA96B3200DDEDD3 /* rightB.png */; };
		E1825ECD1AA96B3200DDEDD3 /* settings.png in Resources */ = {isa = PBXBuildFile; fileRef = E1825EC11AA96B3200DDEDD3 /* settings.png */; };
		E1825ECE1AA96B3200DDEDD3 /* upvote.png in Resources */ = {isa = PBXBuildFile; fileRef = E1825EC21AA96B3200DDEDD3 /* upvote.png */; };
		E1825ECF1AA96B3200DDEDD3 /* user.png in Resources */ = {isa = PBXBuildFile; fileRef = E1825EC31AA96B3200DDEDD3 /* user.png */; };
		E19449031AA999B600349A63 /* Post.swift in Sources */ = {isa = PBXBuildFile; fileRef = E19449021AA999B600349A63 /* Post.swift */; };
		E19449051AA999CB00349A63 /* UIKit.framework in Frameworks */ = {isa = PBXBuildFile; fileRef = E19449041AA999CB00349A63 /* UIKit.framework */; };
		E1C785111AA8E6EB001D13BF /* AppDelegate.swift in Sources */ = {isa = PBXBuildFile; fileRef = E1C785101AA8E6EB001D13BF /* AppDelegate.swift */; };
		E1C785131AA8E6EB001D13BF /* ViewController.swift in Sources */ = {isa = PBXBuildFile; fileRef = E1C785121AA8E6EB001D13BF /* ViewController.swift */; };
		E1C785161AA8E6EB001D13BF /* Main.storyboard in Resources */ = {isa = PBXBuildFile; fileRef = E1C785141AA8E6EB001D13BF /* Main.storyboard */; };
		E1C785181AA8E6EB001D13BF /* Images.xcassets in Resources */ = {isa = PBXBuildFile; fileRef = E1C785171AA8E6EB001D13BF /* Images.xcassets */; };
		E1C7851B1AA8E6EB001D13BF /* LaunchScreen.xib in Resources */ = {isa = PBXBuildFile; fileRef = E1C785191AA8E6EB001D13BF /* LaunchScreen.xib */; };
		E1C785271AA8E6EB001D13BF /* AlertaUrbanaTests.swift in Sources */ = {isa = PBXBuildFile; fileRef = E1C785261AA8E6EB001D13BF /* AlertaUrbanaTests.swift */; };
		E1F241631AA99DD400AA688F /* SampleData.swift in Sources */ = {isa = PBXBuildFile; fileRef = E1F241621AA99DD400AA688F /* SampleData.swift */; };
		E1F241651AA99F1700AA688F /* PostTableViewController.swift in Sources */ = {isa = PBXBuildFile; fileRef = E1F241641AA99F1700AA688F /* PostTableViewController.swift */; };
/* End PBXBuildFile section */

/* Begin PBXContainerItemProxy section */
		E1C785211AA8E6EB001D13BF /* PBXContainerItemProxy */ = {
			isa = PBXContainerItemProxy;
			containerPortal = E1C785031AA8E6EB001D13BF /* Project object */;
			proxyType = 1;
			remoteGlobalIDString = E1C7850A1AA8E6EB001D13BF;
			remoteInfo = AlertaUrbana;
		};
/* End PBXContainerItemProxy section */

/* Begin PBXFileReference section */
		E1699B361AA9A8E800595DF1 /* categoriasSmall.png */ = {isa = PBXFileReference; lastKnownFileType = image.png; name = categoriasSmall.png; path = ../../../../../../Volumes/LINK/small/categoriasSmall.png; sourceTree = "<group>"; };
		E1699B381AA9A99200595DF1 /* postSmall.png */ = {isa = PBXFileReference; lastKnownFileType = image.png; name = postSmall.png; path = /Volumes/LINK/small/postSmall.png; sourceTree = "<absolute>"; };
		E1825EB81AA96B3200DDEDD3 /* categorias.png */ = {isa = PBXFileReference; lastKnownFileType = image.png; path = categorias.png; sourceTree = "<group>"; };
		E1825EB91AA96B3200DDEDD3 /* downvote.png */ = {isa = PBXFileReference; lastKnownFileType = image.png; path = downvote.png; sourceTree = "<group>"; };
		E1825EBA1AA96B3200DDEDD3 /* leftA.png */ = {isa = PBXFileReference; lastKnownFileType = image.png; path = leftA.png; sourceTree = "<group>"; };
		E1825EBB1AA96B3200DDEDD3 /* leftB.png */ = {isa = PBXFileReference; lastKnownFileType = image.png; path = leftB.png; sourceTree = "<group>"; };
		E1825EBC1AA96B3200DDEDD3 /* Logo.png */ = {isa = PBXFileReference; lastKnownFileType = image.png; path = Logo.png; sourceTree = "<group>"; };
		E1825EBD1AA96B3200DDEDD3 /* lupita.png */ = {isa = PBXFileReference; lastKnownFileType = image.png; path = lupita.png; sourceTree = "<group>"; };
		E1825EBE1AA96B3200DDEDD3 /* post.png */ = {isa = PBXFileReference; lastKnownFileType = image.png; path = post.png; sourceTree = "<group>"; };
		E1825EBF1AA96B3200DDEDD3 /* rightA.png */ = {isa = PBXFileReference; lastKnownFileType = image.png; path = rightA.png; sourceTree = "<group>"; };
		E1825EC01AA96B3200DDEDD3 /* rightB.png */ = {isa = PBXFileReference; lastKnownFileType = image.png; path = rightB.png; sourceTree = "<group>"; };
		E1825EC11AA96B3200DDEDD3 /* settings.png */ = {isa = PBXFileReference; lastKnownFileType = image.png; path = settings.png; sourceTree = "<group>"; };
		E1825EC21AA96B3200DDEDD3 /* upvote.png */ = {isa = PBXFileReference; lastKnownFileType = image.png; path = upvote.png; sourceTree = "<group>"; };
		E1825EC31AA96B3200DDEDD3 /* user.png */ = {isa = PBXFileReference; lastKnownFileType = image.png; path = user.png; sourceTree = "<group>"; };
		E19449021AA999B600349A63 /* Post.swift */ = {isa = PBXFileReference; fileEncoding = 4; lastKnownFileType = sourcecode.swift; path = Post.swift; sourceTree = "<group>"; };
		E19449041AA999CB00349A63 /* UIKit.framework */ = {isa = PBXFileReference; lastKnownFileType = wrapper.framework; name = UIKit.framework; path = System/Library/Frameworks/UIKit.framework; sourceTree = SDKROOT; };
		E1C7850B1AA8E6EB001D13BF /* AlertaUrbana.app */ = {isa = PBXFileReference; explicitFileType = wrapper.application; includeInIndex = 0; path = AlertaUrbana.app; sourceTree = BUILT_PRODUCTS_DIR; };
		E1C7850F1AA8E6EB001D13BF /* Info.plist */ = {isa = PBXFileReference; lastKnownFileType = text.plist.xml; path = Info.plist; sourceTree = "<group>"; };
		E1C785101AA8E6EB001D13BF /* AppDelegate.swift */ = {isa = PBXFileReference; lastKnownFileType = sourcecode.swift; path = AppDelegate.swift; sourceTree = "<group>"; };
		E1C785121AA8E6EB001D13BF /* ViewController.swift */ = {isa = PBXFileReference; lastKnownFileType = sourcecode.swift; path = ViewController.swift; sourceTree = "<group>"; };
		E1C785151AA8E6EB001D13BF /* Base */ = {isa = PBXFileReference; lastKnownFileType = file.storyboard; name = Base; path = Base.lproj/Main.storyboard; sourceTree = "<group>"; };
		E1C785171AA8E6EB001D13BF /* Images.xcassets */ = {isa = PBXFileReference; lastKnownFileType = folder.assetcatalog; path = Images.xcassets; sourceTree = "<group>"; };
		E1C7851A1AA8E6EB001D13BF /* Base */ = {isa = PBXFileReference; lastKnownFileType = file.xib; name = Base; path = Base.lproj/LaunchScreen.xib; sourceTree = "<group>"; };
		E1C785201AA8E6EB001D13BF /* AlertaUrbanaTests.xctest */ = {isa = PBXFileReference; explicitFileType = wrapper.cfbundle; includeInIndex = 0; path = AlertaUrbanaTests.xctest; sourceTree = BUILT_PRODUCTS_DIR; };
		E1C785251AA8E6EB001D13BF /* Info.plist */ = {isa = PBXFileReference; lastKnownFileType = text.plist.xml; path = Info.plist; sourceTree = "<group>"; };
		E1C785261AA8E6EB001D13BF /* AlertaUrbanaTests.swift */ = {isa = PBXFileReference; lastKnownFileType = sourcecode.swift; path = AlertaUrbanaTests.swift; sourceTree = "<group>"; };
		E1F241621AA99DD400AA688F /* SampleData.swift */ = {isa = PBXFileReference; fileEncoding = 4; lastKnownFileType = sourcecode.swift; path = SampleData.swift; sourceTree = "<group>"; };
		E1F241641AA99F1700AA688F /* PostTableViewController.swift */ = {isa = PBXFileReference; fileEncoding = 4; lastKnownFileType = sourcecode.swift; path = PostTableViewController.swift; sourceTree = "<group>"; };
/* End PBXFileReference section */

/* Begin PBXFrameworksBuildPhase section */
		E1C785081AA8E6EB001D13BF /* Frameworks */ = {
			isa = PBXFrameworksBuildPhase;
			buildActionMask = 2147483647;
			files = (
				E19449051AA999CB00349A63 /* UIKit.framework in Frameworks */,
			);
			runOnlyForDeploymentPostprocessing = 0;
		};
		E1C7851D1AA8E6EB001D13BF /* Frameworks */ = {
			isa = PBXFrameworksBuildPhase;
			buildActionMask = 2147483647;
			files = (
			);
			runOnlyForDeploymentPostprocessing = 0;
		};
/* End PBXFrameworksBuildPhase section */

/* Begin PBXGroup section */
		E1825EB71AA96B3200DDEDD3 /* Imagenes */ = {
			isa = PBXGroup;
			children = (
				E1699B381AA9A99200595DF1 /* postSmall.png */,
				E1699B361AA9A8E800595DF1 /* categoriasSmall.png */,
				E1825EB81AA96B3200DDEDD3 /* categorias.png */,
				E1825EB91AA96B3200DDEDD3 /* downvote.png */,
				E1825EBA1AA96B3200DDEDD3 /* leftA.png */,
				E1825EBB1AA96B3200DDEDD3 /* leftB.png */,
				E1825EBC1AA96B3200DDEDD3 /* Logo.png */,
				E1825EBD1AA96B3200DDEDD3 /* lupita.png */,
				E1825EBE1AA96B3200DDEDD3 /* post.png */,
				E1825EBF1AA96B3200DDEDD3 /* rightA.png */,
				E1825EC01AA96B3200DDEDD3 /* rightB.png */,
				E1825EC11AA96B3200DDEDD3 /* settings.png */,
				E1825EC21AA96B3200DDEDD3 /* upvote.png */,
				E1825EC31AA96B3200DDEDD3 /* user.png */,
			);
			name = Imagenes;
			path = PandasVoladores;
			sourceTree = "<group>";
		};
		E1C785021AA8E6EB001D13BF = {
			isa = PBXGroup;
			children = (
				E19449041AA999CB00349A63 /* UIKit.framework */,
				E1C7850D1AA8E6EB001D13BF /* AlertaUrbana */,
				E1C785231AA8E6EB001D13BF /* AlertaUrbanaTests */,
				E1C7850C1AA8E6EB001D13BF /* Products */,
			);
			sourceTree = "<group>";
		};
		E1C7850C1AA8E6EB001D13BF /* Products */ = {
			isa = PBXGroup;
			children = (
				E1C7850B1AA8E6EB001D13BF /* AlertaUrbana.app */,
				E1C785201AA8E6EB001D13BF /* AlertaUrbanaTests.xctest */,
			);
			name = Products;
			sourceTree = "<group>";
		};
		E1C7850D1AA8E6EB001D13BF /* AlertaUrbana */ = {
			isa = PBXGroup;
			children = (
				E1825EB71AA96B3200DDEDD3 /* Imagenes */,
				E1C785101AA8E6EB001D13BF /* AppDelegate.swift */,
				E1C785121AA8E6EB001D13BF /* ViewController.swift */,
				E1C785141AA8E6EB001D13BF /* Main.storyboard */,
				E1F241641AA99F1700AA688F /* PostTableViewController.swift */,
				E19449021AA999B600349A63 /* Post.swift */,
				E1F241621AA99DD400AA688F /* SampleData.swift */,
				E1C785171AA8E6EB001D13BF /* Images.xcassets */,
				E1C785191AA8E6EB001D13BF /* LaunchScreen.xib */,
				E1C7850E1AA8E6EB001D13BF /* Supporting Files */,
			);
			path = AlertaUrbana;
			sourceTree = "<group>";
		};
		E1C7850E1AA8E6EB001D13BF /* Supporting Files */ = {
			isa = PBXGroup;
			children = (
				E1C7850F1AA8E6EB001D13BF /* Info.plist */,
			);
			name = "Supporting Files";
			sourceTree = "<group>";
		};
		E1C785231AA8E6EB001D13BF /* AlertaUrbanaTests */ = {
			isa = PBXGroup;
			children = (
				E1C785261AA8E6EB001D13BF /* AlertaUrbanaTests.swift */,
				E1C785241AA8E6EB001D13BF /* Supporting Files */,
			);
			path = AlertaUrbanaTests;
			sourceTree = "<group>";
		};
		E1C785241AA8E6EB001D13BF /* Supporting Files */ = {
			isa = PBXGroup;
			children = (
				E1C785251AA8E6EB001D13BF /* Info.plist */,
			);
			name = "Supporting Files";
			sourceTree = "<group>";
		};
/* End PBXGroup section */

/* Begin PBXNativeTarget section */
		E1C7850A1AA8E6EB001D13BF /* AlertaUrbana */ = {
			isa = PBXNativeTarget;
			buildConfigurationList = E1C7852A1AA8E6EB001D13BF /* Build configuration list for PBXNativeTarget "AlertaUrbana" */;
			buildPhases = (
				E1C785071AA8E6EB001D13BF /* Sources */,
				E1C785081AA8E6EB001D13BF /* Frameworks */,
				E1C785091AA8E6EB001D13BF /* Resources */,
			);
			buildRules = (
			);
			dependencies = (
			);
			name = AlertaUrbana;
			productName = AlertaUrbana;
			productReference = E1C7850B1AA8E6EB001D13BF /* AlertaUrbana.app */;
			productType = "com.apple.product-type.application";
		};
		E1C7851F1AA8E6EB001D13BF /* AlertaUrbanaTests */ = {
			isa = PBXNativeTarget;
			buildConfigurationList = E1C7852D1AA8E6EB001D13BF /* Build configuration list for PBXNativeTarget "AlertaUrbanaTests" */;
			buildPhases = (
				E1C7851C1AA8E6EB001D13BF /* Sources */,
				E1C7851D1AA8E6EB001D13BF /* Frameworks */,
				E1C7851E1AA8E6EB001D13BF /* Resources */,
			);
			buildRules = (
			);
			dependencies = (
				E1C785221AA8E6EB001D13BF /* PBXTargetDependency */,
			);
			name = AlertaUrbanaTests;
			productName = AlertaUrbanaTests;
			productReference = E1C785201AA8E6EB001D13BF /* AlertaUrbanaTests.xctest */;
			productType = "com.apple.product-type.bundle.unit-test";
		};
/* End PBXNativeTarget section */

/* Begin PBXProject section */
		E1C785031AA8E6EB001D13BF /* Project object */ = {
			isa = PBXProject;
			attributes = {
				LastUpgradeCheck = 0610;
				ORGANIZATIONNAME = Ultron;
				TargetAttributes = {
					E1C7850A1AA8E6EB001D13BF = {
						CreatedOnToolsVersion = 6.1.1;
						SystemCapabilities = {
							com.apple.BackgroundModes = {
								enabled = 1;
							};
							com.apple.Maps.iOS = {
								enabled = 1;
							};
						};
					};
					E1C7851F1AA8E6EB001D13BF = {
						CreatedOnToolsVersion = 6.1.1;
						TestTargetID = E1C7850A1AA8E6EB001D13BF;
					};
				};
			};
			buildConfigurationList = E1C785061AA8E6EB001D13BF /* Build configuration list for PBXProject "AlertaUrbana" */;
			compatibilityVersion = "Xcode 3.2";
			developmentRegion = English;
			hasScannedForEncodings = 0;
			knownRegions = (
				en,
				Base,
			);
			mainGroup = E1C785021AA8E6EB001D13BF;
			productRefGroup = E1C7850C1AA8E6EB001D13BF /* Products */;
			projectDirPath = "";
			projectRoot = "";
			targets = (
				E1C7850A1AA8E6EB001D13BF /* AlertaUrbana */,
				E1C7851F1AA8E6EB001D13BF /* AlertaUrbanaTests */,
			);
		};
/* End PBXProject section */

/* Begin PBXResourcesBuildPhase section */
		E1C785091AA8E6EB001D13BF /* Resources */ = {
			isa = PBXResourcesBuildPhase;
			buildActionMask = 2147483647;
			files = (
				E1C785161AA8E6EB001D13BF /* Main.storyboard in Resources */,
				E1825ECC1AA96B3200DDEDD3 /* rightB.png in Resources */,
				E1825ECB1AA96B3200DDEDD3 /* rightA.png in Resources */,
				E1699B371AA9A8E800595DF1 /* categoriasSmall.png in Resources */,
				E1825ECA1AA96B3200DDEDD3 /* post.png in Resources */,
				E1825EC71AA96B3200DDEDD3 /* leftB.png in Resources */,
				E1C7851B1AA8E6EB001D13BF /* LaunchScreen.xib in Resources */,
				E1825EC91AA96B3200DDEDD3 /* lupita.png in Resources */,
				E1825EC61AA96B3200DDEDD3 /* leftA.png in Resources */,
				E1825ECE1AA96B3200DDEDD3 /* upvote.png in Resources */,
				E1825EC81AA96B3200DDEDD3 /* Logo.png in Resources */,
				E1C785181AA8E6EB001D13BF /* Images.xcassets in Resources */,
				E1825ECF1AA96B3200DDEDD3 /* user.png in Resources */,
				E1825ECD1AA96B3200DDEDD3 /* settings.png in Resources */,
				E1825EC51AA96B3200DDEDD3 /* downvote.png in Resources */,
				E1825EC41AA96B3200DDEDD3 /* categorias.png in Resources */,
				E1699B391AA9A99200595DF1 /* postSmall.png in Resources */,
			);
			runOnlyForDeploymentPostprocessing = 0;
		};
		E1C7851E1AA8E6EB001D13BF /* Resources */ = {
			isa = PBXResourcesBuildPhase;
			buildActionMask = 2147483647;
			files = (
			);
			runOnlyForDeploymentPostprocessing = 0;
		};
/* End PBXResourcesBuildPhase section */

/* Begin PBXSourcesBuildPhase section */
		E1C785071AA8E6EB001D13BF /* Sources */ = {
			isa = PBXSourcesBuildPhase;
			buildActionMask = 2147483647;
			files = (
				E1F241651AA99F1700AA688F /* PostTableViewController.swift in Sources */,
				E19449031AA999B600349A63 /* Post.swift in Sources */,
				E1C785131AA8E6EB001D13BF /* ViewController.swift in Sources */,
				E1F241631AA99DD400AA688F /* SampleData.swift in Sources */,
				E1C785111AA8E6EB001D13BF /* AppDelegate.swift in Sources */,
			);
			runOnlyForDeploymentPostprocessing = 0;
		};
		E1C7851C1AA8E6EB001D13BF /* Sources */ = {
			isa = PBXSourcesBuildPhase;
			buildActionMask = 2147483647;
			files = (
				E1C785271AA8E6EB001D13BF /* AlertaUrbanaTests.swift in Sources */,
			);
			runOnlyForDeploymentPostprocessing = 0;
		};
/* End PBXSourcesBuildPhase section */

/* Begin PBXTargetDependency section */
		E1C785221AA8E6EB001D13BF /* PBXTargetDependency */ = {
			isa = PBXTargetDependency;
			target = E1C7850A1AA8E6EB001D13BF /* AlertaUrbana */;
			targetProxy = E1C785211AA8E6EB001D13BF /* PBXContainerItemProxy */;
		};
/* End PBXTargetDependency section */

/* Begin PBXVariantGroup section */
		E1C785141AA8E6EB001D13BF /* Main.storyboard */ = {
			isa = PBXVariantGroup;
			children = (
				E1C785151AA8E6EB001D13BF /* Base */,
			);
			name = Main.storyboard;
			sourceTree = "<group>";
		};
		E1C785191AA8E6EB001D13BF /* LaunchScreen.xib */ = {
			isa = PBXVariantGroup;
			children = (
				E1C7851A1AA8E6EB001D13BF /* Base */,
			);
			name = LaunchScreen.xib;
			sourceTree = "<group>";
		};
/* End PBXVariantGroup section */

/* Begin XCBuildConfiguration section */
		E1C785281AA8E6EB001D13BF /* Debug */ = {
			isa = XCBuildConfiguration;
			buildSettings = {
				ALWAYS_SEARCH_USER_PATHS = NO;
				CLANG_CXX_LANGUAGE_STANDARD = "gnu++0x";
				CLANG_CXX_LIBRARY = "libc++";
				CLANG_ENABLE_MODULES = YES;
				CLANG_ENABLE_OBJC_ARC = YES;
				CLANG_WARN_BOOL_CONVERSION = YES;
				CLANG_WARN_CONSTANT_CONVERSION = YES;
				CLANG_WARN_DIRECT_OBJC_ISA_USAGE = YES_ERROR;
				CLANG_WARN_EMPTY_BODY = YES;
				CLANG_WARN_ENUM_CONVERSION = YES;
				CLANG_WARN_INT_CONVERSION = YES;
				CLANG_WARN_OBJC_ROOT_CLASS = YES_ERROR;
				CLANG_WARN_UNREACHABLE_CODE = YES;
				CLANG_WARN__DUPLICATE_METHOD_MATCH = YES;
				"CODE_SIGN_IDENTITY[sdk=iphoneos*]" = "iPhone Developer";
				COPY_PHASE_STRIP = NO;
				ENABLE_STRICT_OBJC_MSGSEND = YES;
				GCC_C_LANGUAGE_STANDARD = gnu99;
				GCC_DYNAMIC_NO_PIC = NO;
				GCC_OPTIMIZATION_LEVEL = 0;
				GCC_PREPROCESSOR_DEFINITIONS = (
					"DEBUG=1",
					"$(inherited)",
				);
				GCC_SYMBOLS_PRIVATE_EXTERN = NO;
				GCC_WARN_64_TO_32_BIT_CONVERSION = YES;
				GCC_WARN_ABOUT_RETURN_TYPE = YES_ERROR;
				GCC_WARN_UNDECLARED_SELECTOR = YES;
				GCC_WARN_UNINITIALIZED_AUTOS = YES_AGGRESSIVE;
				GCC_WARN_UNUSED_FUNCTION = YES;
				GCC_WARN_UNUSED_VARIABLE = YES;
				IPHONEOS_DEPLOYMENT_TARGET = 8.1;
				MTL_ENABLE_DEBUG_INFO = YES;
				ONLY_ACTIVE_ARCH = YES;
				SDKROOT = iphoneos;
				SWIFT_OPTIMIZATION_LEVEL = "-Onone";
			};
			name = Debug;
		};
		E1C785291AA8E6EB001D13BF /* Release */ = {
			isa = XCBuildConfiguration;
			buildSettings = {
				ALWAYS_SEARCH_USER_PATHS = NO;
				CLANG_CXX_LANGUAGE_STANDARD = "gnu++0x";
				CLANG_CXX_LIBRARY = "libc++";
				CLANG_ENABLE_MODULES = YES;
				CLANG_ENABLE_OBJC_ARC = YES;
				CLANG_WARN_BOOL_CONVERSION = YES;
				CLANG_WARN_CONSTANT_CONVERSION = YES;
				CLANG_WARN_DIRECT_OBJC_ISA_USAGE = YES_ERROR;
				CLANG_WARN_EMPTY_BODY = YES;
				CLANG_WARN_ENUM_CONVERSION = YES;
				CLANG_WARN_INT_CONVERSION = YES;
				CLANG_WARN_OBJC_ROOT_CLASS = YES_ERROR;
				CLANG_WARN_UNREACHABLE_CODE = YES;
				CLANG_WARN__DUPLICATE_METHOD_MATCH = YES;
				"CODE_SIGN_IDENTITY[sdk=iphoneos*]" = "iPhone Developer";
				COPY_PHASE_STRIP = YES;
				ENABLE_NS_ASSERTIONS = NO;
				ENABLE_STRICT_OBJC_MSGSEND = YES;
				GCC_C_LANGUAGE_STANDARD = gnu99;
				GCC_WARN_64_TO_32_BIT_CONVERSION = YES;
				GCC_WARN_ABOUT_RETURN_TYPE = YES_ERROR;
				GCC_WARN_UNDECLARED_SELECTOR = YES;
				GCC_WARN_UNINITIALIZED_AUTOS = YES_AGGRESSIVE;
				GCC_WARN_UNUSED_FUNCTION = YES;
				GCC_WARN_UNUSED_VARIABLE = YES;
				IPHONEOS_DEPLOYMENT_TARGET = 8.1;
				MTL_ENABLE_DEBUG_INFO = NO;
				SDKROOT = iphoneos;
				VALIDATE_PRODUCT = YES;
			};
			name = Release;
		};
		E1C7852B1AA8E6EB001D13BF /* Debug */ = {
			isa = XCBuildConfiguration;
			buildSettings = {
				ASSETCATALOG_COMPILER_APPICON_NAME = AppIcon;
				INFOPLIST_FILE = AlertaUrbana/Info.plist;
				LD_RUNPATH_SEARCH_PATHS = "$(inherited) @executable_path/Frameworks";
				PRODUCT_NAME = "$(TARGET_NAME)";
			};
			name = Debug;
		};
		E1C7852C1AA8E6EB001D13BF /* Release */ = {
			isa = XCBuildConfiguration;
			buildSettings = {
				ASSETCATALOG_COMPILER_APPICON_NAME = AppIcon;
				INFOPLIST_FILE = AlertaUrbana/Info.plist;
				LD_RUNPATH_SEARCH_PATHS = "$(inherited) @executable_path/Frameworks";
				PRODUCT_NAME = "$(TARGET_NAME)";
			};
			name = Release;
		};
		E1C7852E1AA8E6EB001D13BF /* Debug */ = {
			isa = XCBuildConfiguration;
			buildSettings = {
				BUNDLE_LOADER = "$(TEST_HOST)";
				FRAMEWORK_SEARCH_PATHS = (
					"$(SDKROOT)/Developer/Library/Frameworks",
					"$(inherited)",
				);
				GCC_PREPROCESSOR_DEFINITIONS = (
					"DEBUG=1",
					"$(inherited)",
				);
				INFOPLIST_FILE = AlertaUrbanaTests/Info.plist;
				LD_RUNPATH_SEARCH_PATHS = "$(inherited) @executable_path/Frameworks @loader_path/Frameworks";
				PRODUCT_NAME = "$(TARGET_NAME)";
				TEST_HOST = "$(BUILT_PRODUCTS_DIR)/AlertaUrbana.app/AlertaUrbana";
			};
			name = Debug;
		};
		E1C7852F1AA8E6EB001D13BF /* Release */ = {
			isa = XCBuildConfiguration;
			buildSettings = {
				BUNDLE_LOADER = "$(TEST_HOST)";
				FRAMEWORK_SEARCH_PATHS = (
					"$(SDKROOT)/Developer/Library/Frameworks",
					"$(inherited)",
				);
				INFOPLIST_FILE = AlertaUrbanaTests/Info.plist;
				LD_RUNPATH_SEARCH_PATHS = "$(inherited) @executable_path/Frameworks @loader_path/Frameworks";
				PRODUCT_NAME = "$(TARGET_NAME)";
				TEST_HOST = "$(BUILT_PRODUCTS_DIR)/AlertaUrbana.app/AlertaUrbana";
			};
			name = Release;
		};
/* End XCBuildConfiguration section */

/* Begin XCConfigurationList section */
		E1C785061AA8E6EB001D13BF /* Build configuration list for PBXProject "AlertaUrbana" */ = {
			isa = XCConfigurationList;
			buildConfigurations = (
				E1C785281AA8E6EB001D13BF /* Debug */,
				E1C785291AA8E6EB001D13BF /* Release */,
			);
			defaultConfigurationIsVisible = 0;
			defaultConfigurationName = Release;
		};
		E1C7852A1AA8E6EB001D13BF /* Build configuration list for PBXNativeTarget "AlertaUrbana" */ = {
			isa = XCConfigurationList;
			buildConfigurations = (
				E1C7852B1AA8E6EB001D13BF /* Debug */,
				E1C7852C1AA8E6EB001D13BF /* Release */,
			);
			defaultConfigurationIsVisible = 0;
			defaultConfigurationName = Release;
		};
		E1C7852D1AA8E6EB001D13BF /* Build configuration list for PBXNativeTarget "AlertaUrbanaTests" */ = {
			isa = XCConfigurationList;
			buildConfigurations = (
				E1C7852E1AA8E6EB001D13BF /* Debug */,
				E1C7852F1AA8E6EB001D13BF /* Release */,
			);
			defaultConfigurationIsVisible = 0;
			defaultConfigurationName = Release;
		};
/* End XCConfigurationList section */
	};
	rootObject = E1C785031AA8E6EB001D13BF /* Project object */;
}
